
Microsoft Visual Studio Solution File, Format Version 12.00
# Visual Studio Version 16
VisualStudioVersion = 16.0.30804.86
MinimumVisualStudioVersion = 10.0.40219.1
Project("{FAE04EC0-301F-11D3-BF4B-00C04F79EFBC}") = "Pak Man", "Pak Man\Pak Man.csproj", "{C5B056E6-3556-4547-86C3-03D5885F18F3}"
EndProject
Global
	GlobalSection(SolutionConfigurationPlatforms) = preSolution
		Debug|Any CPU = Debug|Any CPU
		Release|Any CPU = Release|Any CPU
	EndGlobalSection
	GlobalSection(ProjectConfigurationPlatforms) = postSolution
		{C5B056E6-3556-4547-86C3-03D5885F18F3}.Debug|Any CPU.ActiveCfg = Debug|Any CPU
		{C5B056E6-3556-4547-86C3-03D5885F18F3}.Debug|Any CPU.Build.0 = Debug|Any CPU
		{C5B056E6-3556-4547-86C3-03D5885F18F3}.Release|Any CPU.ActiveCfg = Release|Any CPU
		{C5B056E6-3556-4547-86C3-03D5885F18F3}.Release|Any CPU.Build.0 = Release|Any CPU
	EndGlobalSection
	GlobalSection(SolutionProperties) = preSolution
		HideSolutionNode = FALSE
	EndGlobalSection
	GlobalSection(ExtensibilityGlobals) = postSolution
		SolutionGuid = {E16534B7-3777-4747-8CE6-AC05F345B590}
	EndGlobalSection
EndGlobal
